
Microsoft Visual Studio Solution File, Format Version 12.00
# Visual Studio Version 16
VisualStudioVersion = 16.0.29424.173
MinimumVisualStudioVersion = 10.0.40219.1
Project("{9A19103F-16F7-4668-BE54-9A1E7A4F7556}") = "FATX", "FATX\FATX.csproj", "{8C311AAC-18ED-4ECD-A169-A4A61D5EA505}"
EndProject
Project("{FAE04EC0-301F-11D3-BF4B-00C04F79EFBC}") = "FATXTools", "FATXTools\FATXTools.csproj", "{91C6BEA2-9E5C-4ADA-81BA-CA47063DFCF0}"
EndProject
Global
	GlobalSection(SolutionConfigurationPlatforms) = preSolution
		Debug|Any CPU = Debug|Any CPU
		Release|Any CPU = Release|Any CPU
	EndGlobalSection
	GlobalSection(ProjectConfigurationPlatforms) = postSolution
		{8C311AAC-18ED-4ECD-A169-A4A61D5EA505}.Debug|Any CPU.ActiveCfg = Debug|Any CPU
		{8C311AAC-18ED-4ECD-A169-A4A61D5EA505}.Debug|Any CPU.Build.0 = Debug|Any CPU
		{8C311AAC-18ED-4ECD-A169-A4A61D5EA505}.Release|Any CPU.ActiveCfg = Release|Any CPU
		{8C311AAC-18ED-4ECD-A169-A4A61D5EA505}.Release|Any CPU.Build.0 = Release|Any CPU
		{91C6BEA2-9E5C-4ADA-81BA-CA47063DFCF0}.Debug|Any CPU.ActiveCfg = Debug|Any CPU
		{91C6BEA2-9E5C-4ADA-81BA-CA47063DFCF0}.Debug|Any CPU.Build.0 = Debug|Any CPU
		{91C6BEA2-9E5C-4ADA-81BA-CA47063DFCF0}.Release|Any CPU.ActiveCfg = Release|Any CPU
		{91C6BEA2-9E5C-4ADA-81BA-CA47063DFCF0}.Release|Any CPU.Build.0 = Release|Any CPU
	EndGlobalSection
	GlobalSection(SolutionProperties) = preSolution
		HideSolutionNode = FALSE
	EndGlobalSection
	GlobalSection(ExtensibilityGlobals) = postSolution
		SolutionGuid = {3E563DFF-9D35-46BB-A4FA-AE89CBB44FF3}
	EndGlobalSection
EndGlobal
